
Microsoft Visual Studio Solution File, Format Version 12.00
# Visual Studio Version 16
VisualStudioVersion = 16.0.32106.194
MinimumVisualStudioVersion = 10.0.40219.1
Project("{8BC9CEB8-8B4A-11D0-8D11-00A0C91BC942}") = "ScreenshotSample", "ScreenshotSample\ScreenshotSample.vcxproj", "{EA680B18-B8DF-4270-968B-4EEA0345ED90}"
EndProject
Global
	GlobalSection(SolutionConfigurationPlatforms) = preSolution
		Debug|ARM64 = Debug|ARM64
		Debug|x64 = Debug|x64
		Release|ARM64 = Release|ARM64
		Release|x64 = Release|x64
	EndGlobalSection
	GlobalSection(ProjectConfigurationPlatforms) = postSolution
		{EA680B18-B8DF-4270-968B-4EEA0345ED90}.Debug|ARM64.ActiveCfg = Debug|ARM64
		{EA680B18-B8DF-4270-968B-4EEA0345ED90}.Debug|ARM64.Build.0 = Debug|ARM64
		{EA680B18-B8DF-4270-968B-4EEA0345ED90}.Debug|x64.ActiveCfg = Debug|x64
		{EA680B18-B8DF-4270-968B-4EEA0345ED90}.Debug|x64.Build.0 = Debug|x64
		{EA680B18-B8DF-4270-968B-4EEA0345ED90}.Release|ARM64.ActiveCfg = Release|ARM64
		{EA680B18-B8DF-4270-968B-4EEA0345ED90}.Release|ARM64.Build.0 = Release|ARM64
		{EA680B18-B8DF-4270-968B-4EEA0345ED90}.Release|x64.ActiveCfg = Release|x64
		{EA680B18-B8DF-4270-968B-4EEA0345ED90}.Release|x64.Build.0 = Release|x64
	EndGlobalSection
	GlobalSection(SolutionProperties) = preSolution
		HideSolutionNode = FALSE
	EndGlobalSection
	GlobalSection(ExtensibilityGlobals) = postSolution
		SolutionGuid = {34D7D449-49C0-4756-B3E9-0CEE171CCCA2}
	EndGlobalSection
EndGlobal
